
Microsoft Visual Studio Solution File, Format Version 12.00
# Visual Studio Version 16
VisualStudioVersion = 16.0.30413.136
MinimumVisualStudioVersion = 10.0.40219.1
Project("{FAE04EC0-301F-11D3-BF4B-00C04F79EFBC}") = "DiceGame", "DiceGame\DiceGame.csproj", "{F281D36E-417E-45D4-A8C6-50ACA5562292}"
EndProject
Global
	GlobalSection(SolutionConfigurationPlatforms) = preSolution
		Debug|Any CPU = Debug|Any CPU
		Release|Any CPU = Release|Any CPU
	EndGlobalSection
	GlobalSection(ProjectConfigurationPlatforms) = postSolution
		{F281D36E-417E-45D4-A8C6-50ACA5562292}.Debug|Any CPU.ActiveCfg = Debug|Any CPU
		{F281D36E-417E-45D4-A8C6-50ACA5562292}.Debug|Any CPU.Build.0 = Debug|Any CPU
		{F281D36E-417E-45D4-A8C6-50ACA5562292}.Release|Any CPU.ActiveCfg = Release|Any CPU
		{F281D36E-417E-45D4-A8C6-50ACA5562292}.Release|Any CPU.Build.0 = Release|Any CPU
	EndGlobalSection
	GlobalSection(SolutionProperties) = preSolution
		HideSolutionNode = FALSE
	EndGlobalSection
	GlobalSection(ExtensibilityGlobals) = postSolution
		SolutionGuid = {1582584B-682E-451F-B4BD-4D89E223C079}
	EndGlobalSection
EndGlobal
