
Microsoft Visual Studio Solution File, Format Version 12.00
# Visual Studio Version 16
VisualStudioVersion = 16.0.30413.136
MinimumVisualStudioVersion = 10.0.40219.1
Project("{FAE04EC0-301F-11D3-BF4B-00C04F79EFBC}") = "KeyEvent", "KeyEvent\KeyEvent.csproj", "{6DC8F033-E76B-48AC-BA62-4E57C0CAECFA}"
EndProject
Global
	GlobalSection(SolutionConfigurationPlatforms) = preSolution
		Debug|Any CPU = Debug|Any CPU
		Release|Any CPU = Release|Any CPU
	EndGlobalSection
	GlobalSection(ProjectConfigurationPlatforms) = postSolution
		{6DC8F033-E76B-48AC-BA62-4E57C0CAECFA}.Debug|Any CPU.ActiveCfg = Debug|Any CPU
		{6DC8F033-E76B-48AC-BA62-4E57C0CAECFA}.Debug|Any CPU.Build.0 = Debug|Any CPU
		{6DC8F033-E76B-48AC-BA62-4E57C0CAECFA}.Release|Any CPU.ActiveCfg = Release|Any CPU
		{6DC8F033-E76B-48AC-BA62-4E57C0CAECFA}.Release|Any CPU.Build.0 = Release|Any CPU
	EndGlobalSection
	GlobalSection(SolutionProperties) = preSolution
		HideSolutionNode = FALSE
	EndGlobalSection
	GlobalSection(ExtensibilityGlobals) = postSolution
		SolutionGuid = {1D24863C-E245-4654-BF4D-D7CC2EC33FB7}
	EndGlobalSection
EndGlobal
